
Microsoft Visual Studio Solution File, Format Version 12.00
# Visual Studio Version 16
VisualStudioVersion = 16.0.36631.11
MinimumVisualStudioVersion = 10.0.40219.1
Project("{FAE04EC0-301F-11D3-BF4B-00C04F79EFBC}") = "app", "app\app.csproj", "{B3789BEF-CE9D-4EF8-BD07-0D70AE627868}"
EndProject
Project("{FAE04EC0-301F-11D3-BF4B-00C04F79EFBC}") = "01. Creational Pattern", "01. Creational Pattern\01. Creational Pattern.csproj", "{CFDE6008-0E5F-436F-AD24-4163240F1075}"
EndProject
Project("{FAE04EC0-301F-11D3-BF4B-00C04F79EFBC}") = "02. Structural Pattern", "02. Structural Pattern\02. Structural Pattern.csproj", "{499D040F-0471-4478-B441-2436E07057A0}"
EndProject
Project("{FAE04EC0-301F-11D3-BF4B-00C04F79EFBC}") = "03. Behavioral Pattern", "03. Behavioral Pattern\03. Behavioral Pattern.csproj", "{176C6D5A-944B-4F47-9A02-6A89CA387EBA}"
EndProject
Project("{FAE04EC0-301F-11D3-BF4B-00C04F79EFBC}") = "unitTest", "unitTest\unitTest.csproj", "{AC395BE8-7C0E-4C4C-9CCA-2085A58306B9}"
EndProject
Global
	GlobalSection(SolutionConfigurationPlatforms) = preSolution
		Debug|Any CPU = Debug|Any CPU
		Release|Any CPU = Release|Any CPU
	EndGlobalSection
	GlobalSection(ProjectConfigurationPlatforms) = postSolution
		{B3789BEF-CE9D-4EF8-BD07-0D70AE627868}.Debug|Any CPU.ActiveCfg = Debug|Any CPU
		{B3789BEF-CE9D-4EF8-BD07-0D70AE627868}.Debug|Any CPU.Build.0 = Debug|Any CPU
		{B3789BEF-CE9D-4EF8-BD07-0D70AE627868}.Release|Any CPU.ActiveCfg = Release|Any CPU
		{B3789BEF-CE9D-4EF8-BD07-0D70AE627868}.Release|Any CPU.Build.0 = Release|Any CPU
		{CFDE6008-0E5F-436F-AD24-4163240F1075}.Debug|Any CPU.ActiveCfg = Debug|Any CPU
		{CFDE6008-0E5F-436F-AD24-4163240F1075}.Debug|Any CPU.Build.0 = Debug|Any CPU
		{CFDE6008-0E5F-436F-AD24-4163240F1075}.Release|Any CPU.ActiveCfg = Release|Any CPU
		{CFDE6008-0E5F-436F-AD24-4163240F1075}.Release|Any CPU.Build.0 = Release|Any CPU
		{499D040F-0471-4478-B441-2436E07057A0}.Debug|Any CPU.ActiveCfg = Debug|Any CPU
		{499D040F-0471-4478-B441-2436E07057A0}.Debug|Any CPU.Build.0 = Debug|Any CPU
		{499D040F-0471-4478-B441-2436E07057A0}.Release|Any CPU.ActiveCfg = Release|Any CPU
		{499D040F-0471-4478-B441-2436E07057A0}.Release|Any CPU.Build.0 = Release|Any CPU
		{176C6D5A-944B-4F47-9A02-6A89CA387EBA}.Debug|Any CPU.ActiveCfg = Debug|Any CPU
		{176C6D5A-944B-4F47-9A02-6A89CA387EBA}.Debug|Any CPU.Build.0 = Debug|Any CPU
		{176C6D5A-944B-4F47-9A02-6A89CA387EBA}.Release|Any CPU.ActiveCfg = Release|Any CPU
		{176C6D5A-944B-4F47-9A02-6A89CA387EBA}.Release|Any CPU.Build.0 = Release|Any CPU
		{AC395BE8-7C0E-4C4C-9CCA-2085A58306B9}.Debug|Any CPU.ActiveCfg = Debug|Any CPU
		{AC395BE8-7C0E-4C4C-9CCA-2085A58306B9}.Debug|Any CPU.Build.0 = Debug|Any CPU
		{AC395BE8-7C0E-4C4C-9CCA-2085A58306B9}.Release|Any CPU.ActiveCfg = Release|Any CPU
		{AC395BE8-7C0E-4C4C-9CCA-2085A58306B9}.Release|Any CPU.Build.0 = Release|Any CPU
	EndGlobalSection
	GlobalSection(SolutionProperties) = preSolution
		HideSolutionNode = FALSE
	EndGlobalSection
	GlobalSection(ExtensibilityGlobals) = postSolution
		SolutionGuid = {68BB67C6-E1FB-4C14-A9D5-31D078B064BF}
	EndGlobalSection
EndGlobal
